
Microsoft Visual Studio Solution File, Format Version 12.00
# Visual Studio 15
VisualStudioVersion = 15.0.28307.271
MinimumVisualStudioVersion = 10.0.40219.1
Project("{FAE04EC0-301F-11D3-BF4B-00C04F79EFBC}") = "FactoryMethod", "FactoryMethod\FactoryMethod.csproj", "{8D956611-2FBB-4DA0-BEF7-1CE31418980F}"
EndProject
Global
	GlobalSection(SolutionConfigurationPlatforms) = preSolution
		Debug|Any CPU = Debug|Any CPU
		Release|Any CPU = Release|Any CPU
	EndGlobalSection
	GlobalSection(ProjectConfigurationPlatforms) = postSolution
		{8D956611-2FBB-4DA0-BEF7-1CE31418980F}.Debug|Any CPU.ActiveCfg = Debug|Any CPU
		{8D956611-2FBB-4DA0-BEF7-1CE31418980F}.Debug|Any CPU.Build.0 = Debug|Any CPU
		{8D956611-2FBB-4DA0-BEF7-1CE31418980F}.Release|Any CPU.ActiveCfg = Release|Any CPU
		{8D956611-2FBB-4DA0-BEF7-1CE31418980F}.Release|Any CPU.Build.0 = Release|Any CPU
	EndGlobalSection
	GlobalSection(SolutionProperties) = preSolution
		HideSolutionNode = FALSE
	EndGlobalSection
	GlobalSection(ExtensibilityGlobals) = postSolution
		SolutionGuid = {E87A185F-01AE-48A3-8D61-A4B33AC5BCF0}
	EndGlobalSection
EndGlobal
