
Microsoft Visual Studio Solution File, Format Version 12.00
# Visual Studio 15
VisualStudioVersion = 15.0.28307.271
MinimumVisualStudioVersion = 10.0.40219.1
Project("{FAE04EC0-301F-11D3-BF4B-00C04F79EFBC}") = "Builder", "Builder\Builder.csproj", "{CC6CA7BD-8A65-4E04-BFA1-502B7F126B69}"
EndProject
Global
	GlobalSection(SolutionConfigurationPlatforms) = preSolution
		Debug|Any CPU = Debug|Any CPU
		Release|Any CPU = Release|Any CPU
	EndGlobalSection
	GlobalSection(ProjectConfigurationPlatforms) = postSolution
		{CC6CA7BD-8A65-4E04-BFA1-502B7F126B69}.Debug|Any CPU.ActiveCfg = Debug|Any CPU
		{CC6CA7BD-8A65-4E04-BFA1-502B7F126B69}.Debug|Any CPU.Build.0 = Debug|Any CPU
		{CC6CA7BD-8A65-4E04-BFA1-502B7F126B69}.Release|Any CPU.ActiveCfg = Release|Any CPU
		{CC6CA7BD-8A65-4E04-BFA1-502B7F126B69}.Release|Any CPU.Build.0 = Release|Any CPU
	EndGlobalSection
	GlobalSection(SolutionProperties) = preSolution
		HideSolutionNode = FALSE
	EndGlobalSection
	GlobalSection(ExtensibilityGlobals) = postSolution
		SolutionGuid = {E45B7395-7155-4988-9424-DBACE92B4E07}
	EndGlobalSection
EndGlobal
