
Microsoft Visual Studio Solution File, Format Version 12.00
# Visual Studio 15
VisualStudioVersion = 15.0.27428.2037
MinimumVisualStudioVersion = 10.0.40219.1
Project("{FAE04EC0-301F-11D3-BF4B-00C04F79EFBC}") = "Prototype", "Prototype\Prototype.csproj", "{5E0A8C16-CF8E-43B8-90EE-0FDF31AE8950}"
EndProject
Global
	GlobalSection(SolutionConfigurationPlatforms) = preSolution
		Debug|Any CPU = Debug|Any CPU
		Release|Any CPU = Release|Any CPU
	EndGlobalSection
	GlobalSection(ProjectConfigurationPlatforms) = postSolution
		{5E0A8C16-CF8E-43B8-90EE-0FDF31AE8950}.Debug|Any CPU.ActiveCfg = Debug|Any CPU
		{5E0A8C16-CF8E-43B8-90EE-0FDF31AE8950}.Debug|Any CPU.Build.0 = Debug|Any CPU
		{5E0A8C16-CF8E-43B8-90EE-0FDF31AE8950}.Release|Any CPU.ActiveCfg = Release|Any CPU
		{5E0A8C16-CF8E-43B8-90EE-0FDF31AE8950}.Release|Any CPU.Build.0 = Release|Any CPU
	EndGlobalSection
	GlobalSection(SolutionProperties) = preSolution
		HideSolutionNode = FALSE
	EndGlobalSection
	GlobalSection(ExtensibilityGlobals) = postSolution
		SolutionGuid = {4793A980-035D-4FE9-80F9-D79D4393F23B}
	EndGlobalSection
EndGlobal
