
Microsoft Visual Studio Solution File, Format Version 12.00
# Visual Studio 15
VisualStudioVersion = 15.0.28307.438
MinimumVisualStudioVersion = 10.0.40219.1
Project("{FAE04EC0-301F-11D3-BF4B-00C04F79EFBC}") = "State", "State.csproj", "{C9B88C63-8ABD-40EE-9496-C63FC5A48F95}"
EndProject
Global
	GlobalSection(SolutionConfigurationPlatforms) = preSolution
		Debug|Any CPU = Debug|Any CPU
		Release|Any CPU = Release|Any CPU
	EndGlobalSection
	GlobalSection(ProjectConfigurationPlatforms) = postSolution
		{C9B88C63-8ABD-40EE-9496-C63FC5A48F95}.Debug|Any CPU.ActiveCfg = Debug|Any CPU
		{C9B88C63-8ABD-40EE-9496-C63FC5A48F95}.Debug|Any CPU.Build.0 = Debug|Any CPU
		{C9B88C63-8ABD-40EE-9496-C63FC5A48F95}.Release|Any CPU.ActiveCfg = Release|Any CPU
		{C9B88C63-8ABD-40EE-9496-C63FC5A48F95}.Release|Any CPU.Build.0 = Release|Any CPU
	EndGlobalSection
	GlobalSection(SolutionProperties) = preSolution
		HideSolutionNode = FALSE
	EndGlobalSection
	GlobalSection(ExtensibilityGlobals) = postSolution
		SolutionGuid = {E9E99104-4CB9-4D9B-B7DF-2E7FC9A98590}
	EndGlobalSection
EndGlobal
