
Microsoft Visual Studio Solution File, Format Version 12.00
# Visual Studio 15
VisualStudioVersion = 15.0.28307.438
MinimumVisualStudioVersion = 10.0.40219.1
Project("{FAE04EC0-301F-11D3-BF4B-00C04F79EFBC}") = "IIterator", "IIterator.csproj", "{B81769B6-2297-47BC-A369-356F2EE5F202}"
EndProject
Global
	GlobalSection(SolutionConfigurationPlatforms) = preSolution
		Debug|Any CPU = Debug|Any CPU
		Release|Any CPU = Release|Any CPU
	EndGlobalSection
	GlobalSection(ProjectConfigurationPlatforms) = postSolution
		{B81769B6-2297-47BC-A369-356F2EE5F202}.Debug|Any CPU.ActiveCfg = Debug|Any CPU
		{B81769B6-2297-47BC-A369-356F2EE5F202}.Debug|Any CPU.Build.0 = Debug|Any CPU
		{B81769B6-2297-47BC-A369-356F2EE5F202}.Release|Any CPU.ActiveCfg = Release|Any CPU
		{B81769B6-2297-47BC-A369-356F2EE5F202}.Release|Any CPU.Build.0 = Release|Any CPU
	EndGlobalSection
	GlobalSection(SolutionProperties) = preSolution
		HideSolutionNode = FALSE
	EndGlobalSection
	GlobalSection(ExtensibilityGlobals) = postSolution
		SolutionGuid = {DD4F7655-7AE3-497A-9FFB-6C72AC3CFF9A}
	EndGlobalSection
EndGlobal
